
Microsoft Visual Studio Solution File, Format Version 12.00
# Visual Studio Version 16
VisualStudioVersion = 16.0.28803.452
MinimumVisualStudioVersion = 10.0.40219.1
Project("{FAE04EC0-301F-11D3-BF4B-00C04F79EFBC}") = "GwentApi", "GwentApi\GwentApi.csproj", "{5362BA6A-7BDE-44B1-AD4F-27D569E01FFF}"
EndProject
Global
	GlobalSection(SolutionConfigurationPlatforms) = preSolution
		Debug|Any CPU = Debug|Any CPU
		Release|Any CPU = Release|Any CPU
	EndGlobalSection
	GlobalSection(ProjectConfigurationPlatforms) = postSolution
		{5362BA6A-7BDE-44B1-AD4F-27D569E01FFF}.Debug|Any CPU.ActiveCfg = Debug|Any CPU
		{5362BA6A-7BDE-44B1-AD4F-27D569E01FFF}.Debug|Any CPU.Build.0 = Debug|Any CPU
		{5362BA6A-7BDE-44B1-AD4F-27D569E01FFF}.Release|Any CPU.ActiveCfg = Release|Any CPU
		{5362BA6A-7BDE-44B1-AD4F-27D569E01FFF}.Release|Any CPU.Build.0 = Release|Any CPU
	EndGlobalSection
	GlobalSection(SolutionProperties) = preSolution
		HideSolutionNode = FALSE
	EndGlobalSection
	GlobalSection(ExtensibilityGlobals) = postSolution
		SolutionGuid = {8036A37F-89DC-49E1-BC9C-5525F2E76A25}
	EndGlobalSection
EndGlobal
